
Microsoft Visual Studio Solution File, Format Version 12.00
# Visual Studio 15
VisualStudioVersion = 15.0.28307.421
MinimumVisualStudioVersion = 10.0.40219.1
Project("{FAE04EC0-301F-11D3-BF4B-00C04F79EFBC}") = "vidly", "vidly\vidly.csproj", "{A67B09B1-5911-428F-936B-6A68E338343E}"
EndProject
Global
	GlobalSection(SolutionConfigurationPlatforms) = preSolution
		Debug|Any CPU = Debug|Any CPU
		Release|Any CPU = Release|Any CPU
	EndGlobalSection
	GlobalSection(ProjectConfigurationPlatforms) = postSolution
		{A67B09B1-5911-428F-936B-6A68E338343E}.Debug|Any CPU.ActiveCfg = Debug|Any CPU
		{A67B09B1-5911-428F-936B-6A68E338343E}.Debug|Any CPU.Build.0 = Debug|Any CPU
		{A67B09B1-5911-428F-936B-6A68E338343E}.Release|Any CPU.ActiveCfg = Release|Any CPU
		{A67B09B1-5911-428F-936B-6A68E338343E}.Release|Any CPU.Build.0 = Release|Any CPU
	EndGlobalSection
	GlobalSection(SolutionProperties) = preSolution
		HideSolutionNode = FALSE
	EndGlobalSection
	GlobalSection(ExtensibilityGlobals) = postSolution
		SolutionGuid = {5224807B-E0C6-45D5-B1E9-5BB72E7E1A17}
	EndGlobalSection
EndGlobal
